
Microsoft Visual Studio Solution File, Format Version 12.00
# Visual Studio Version 16
VisualStudioVersion = 16.0.30406.217
MinimumVisualStudioVersion = 10.0.40219.1
Project("{9A19103F-16F7-4668-BE54-9A1E7A4F7556}") = "GroupWebProject", "GroupWebProject\GroupWebProject.csproj", "{FDC8D1AE-D513-4829-912E-1C93939FA664}"
EndProject
Global
	GlobalSection(SolutionConfigurationPlatforms) = preSolution
		Debug|Any CPU = Debug|Any CPU
		Release|Any CPU = Release|Any CPU
	EndGlobalSection
	GlobalSection(ProjectConfigurationPlatforms) = postSolution
		{FDC8D1AE-D513-4829-912E-1C93939FA664}.Debug|Any CPU.ActiveCfg = Debug|Any CPU
		{FDC8D1AE-D513-4829-912E-1C93939FA664}.Debug|Any CPU.Build.0 = Debug|Any CPU
		{FDC8D1AE-D513-4829-912E-1C93939FA664}.Release|Any CPU.ActiveCfg = Release|Any CPU
		{FDC8D1AE-D513-4829-912E-1C93939FA664}.Release|Any CPU.Build.0 = Release|Any CPU
	EndGlobalSection
	GlobalSection(SolutionProperties) = preSolution
		HideSolutionNode = FALSE
	EndGlobalSection
	GlobalSection(ExtensibilityGlobals) = postSolution
		SolutionGuid = {43A25313-B490-4FD0-96F8-E650ED8E8318}
	EndGlobalSection
EndGlobal
